
Microsoft Visual Studio Solution File, Format Version 12.00
# Visual Studio Version 17
VisualStudioVersion = 17.0.31612.314
MinimumVisualStudioVersion = 10.0.40219.1
Project("{8BC9CEB8-8B4A-11D0-8D11-00A0C91BC942}") = "MyDll", "MyDll\MyDll.vcxproj", "{6CF0436A-68E9-41ED-AA4A-853874912F14}"
EndProject
Global
	GlobalSection(SolutionConfigurationPlatforms) = preSolution
		Debug|x64 = Debug|x64
		Debug|x86 = Debug|x86
		Release|x64 = Release|x64
		Release|x86 = Release|x86
	EndGlobalSection
	GlobalSection(ProjectConfigurationPlatforms) = postSolution
		{6CF0436A-68E9-41ED-AA4A-853874912F14}.Debug|x64.ActiveCfg = Debug|x64
		{6CF0436A-68E9-41ED-AA4A-853874912F14}.Debug|x64.Build.0 = Debug|x64
		{6CF0436A-68E9-41ED-AA4A-853874912F14}.Debug|x86.ActiveCfg = Debug|Win32
		{6CF0436A-68E9-41ED-AA4A-853874912F14}.Debug|x86.Build.0 = Debug|Win32
		{6CF0436A-68E9-41ED-AA4A-853874912F14}.Release|x64.ActiveCfg = Release|x64
		{6CF0436A-68E9-41ED-AA4A-853874912F14}.Release|x64.Build.0 = Release|x64
		{6CF0436A-68E9-41ED-AA4A-853874912F14}.Release|x86.ActiveCfg = Release|Win32
		{6CF0436A-68E9-41ED-AA4A-853874912F14}.Release|x86.Build.0 = Release|Win32
	EndGlobalSection
	GlobalSection(SolutionProperties) = preSolution
		HideSolutionNode = FALSE
	EndGlobalSection
	GlobalSection(ExtensibilityGlobals) = postSolution
		SolutionGuid = {04EE34EE-1E7D-4C15-B0EC-D4F3389B5123}
	EndGlobalSection
EndGlobal
